
Microsoft Visual Studio Solution File, Format Version 12.00
# Visual Studio Version 17
VisualStudioVersion = 17.4.33403.182
MinimumVisualStudioVersion = 10.0.40219.1
Project("{9A19103F-16F7-4668-BE54-9A1E7A4F7556}") = "DegiskenTanimlama", "DegiskenTanimlama\DegiskenTanimlama.csproj", "{5FD21C11-AE9C-4D6F-9E57-6EBCB964F0DD}"
EndProject
Project("{2150E333-8FDC-42A3-9474-1A3956D46DE8}") = "1.Gün", "1.Gün", "{D0E3D45C-8AF4-43EB-AD57-1FC73E1FEF99}"
EndProject
Project("{2150E333-8FDC-42A3-9474-1A3956D46DE8}") = "2.Gün", "2.Gün", "{CC7B27EB-68C2-4A82-B661-655B7979A308}"
EndProject
Project("{9A19103F-16F7-4668-BE54-9A1E7A4F7556}") = "HataYonetimi", "HataYonetimi\HataYonetimi.csproj", "{CC34BA13-AF88-4B55-BE95-5E7440CB9746}"
EndProject
Project("{9A19103F-16F7-4668-BE54-9A1E7A4F7556}") = "KararYapilariveDonguler", "KararYapilariveDonguler\KararYapilariveDonguler.csproj", "{F106AFEE-0190-4A01-A875-C6206A468D15}"
EndProject
Project("{9A19103F-16F7-4668-BE54-9A1E7A4F7556}") = "RandevuSaatleri", "RandevuSaatleri\RandevuSaatleri.csproj", "{3670F9F8-E78A-446B-9005-90257A3186A8}"
EndProject
Project("{9A19103F-16F7-4668-BE54-9A1E7A4F7556}") = "DizilerVeKoleksiyonlar", "DizilerVeKoleksiyonlar\DizilerVeKoleksiyonlar.csproj", "{F56F2FA0-28D2-405E-AC4F-4ABDC44CB619}"
EndProject
Project("{9A19103F-16F7-4668-BE54-9A1E7A4F7556}") = "Odev1", "Odev1\Odev1.csproj", "{CBCDC7BA-ED45-4C03-86AB-E00731BCE58A}"
EndProject
Project("{9A19103F-16F7-4668-BE54-9A1E7A4F7556}") = "Odev3", "Odev3\Odev3.csproj", "{7A902DE8-4D6D-4173-9C56-2044D19E3DD9}"
EndProject
Project("{9A19103F-16F7-4668-BE54-9A1E7A4F7556}") = "Odev2", "Odev2\Odev2.csproj", "{65825FB1-6ED7-4540-A8C3-ECD6A61D2658}"
EndProject
Project("{2150E333-8FDC-42A3-9474-1A3956D46DE8}") = "3.Gün", "3.Gün", "{08499D7A-3BCC-4E61-A7D9-05C608B3DE59}"
EndProject
Project("{9A19103F-16F7-4668-BE54-9A1E7A4F7556}") = "Odevler", "Odevler\Odevler.csproj", "{2B58F3C4-C35A-4459-9577-45C376F83ACA}"
EndProject
Project("{9A19103F-16F7-4668-BE54-9A1E7A4F7556}") = "CokBoyutluDiziler", "CokBoyutluDiziler\CokBoyutluDiziler.csproj", "{FBFB8FAC-FB74-4FD4-8654-1B2476452807}"
EndProject
Project("{9A19103F-16F7-4668-BE54-9A1E7A4F7556}") = "MethodKullanimi", "MethodKullanimi\MethodKullanimi.csproj", "{FF07925B-5041-4427-B860-32A1E2B5B5E9}"
EndProject
Project("{9A19103F-16F7-4668-BE54-9A1E7A4F7556}") = "AdamAsmaca", "AdamAsmaca\AdamAsmaca.csproj", "{8FF1FE97-2DE5-4079-866B-FAA50902A12E}"
EndProject
Project("{9A19103F-16F7-4668-BE54-9A1E7A4F7556}") = "AdamAsmacaOyunu", "AdamAsmacaOyunu\AdamAsmacaOyunu.csproj", "{4430252C-3C1F-4C82-B631-7B61063AD287}"
EndProject
Project("{2150E333-8FDC-42A3-9474-1A3956D46DE8}") = "4.Gün", "4.Gün", "{1641B33F-9238-4E20-99FD-4E1FF86F55AF}"
EndProject
Project("{9A19103F-16F7-4668-BE54-9A1E7A4F7556}") = "CinAliCizimi", "CinAliCizimi\CinAliCizimi.csproj", "{ED25513A-AC18-4F0F-A1FF-20B2C709DC6E}"
EndProject
Project("{9A19103F-16F7-4668-BE54-9A1E7A4F7556}") = "AdamAsmaca2", "AdamAsmaca2\AdamAsmaca2.csproj", "{14E9649E-984D-4F7A-BB5A-DE10F7FE6DED}"
EndProject
Project("{FAE04EC0-301F-11D3-BF4B-00C04F79EFBC}") = "OopGiris", "OopGiris\OopGiris.csproj", "{0C4E9796-3CDF-4F75-8470-718BC8115F34}"
EndProject
Global
	GlobalSection(SolutionConfigurationPlatforms) = preSolution
		Debug|Any CPU = Debug|Any CPU
		Release|Any CPU = Release|Any CPU
	EndGlobalSection
	GlobalSection(ProjectConfigurationPlatforms) = postSolution
		{5FD21C11-AE9C-4D6F-9E57-6EBCB964F0DD}.Debug|Any CPU.ActiveCfg = Debug|Any CPU
		{5FD21C11-AE9C-4D6F-9E57-6EBCB964F0DD}.Debug|Any CPU.Build.0 = Debug|Any CPU
		{5FD21C11-AE9C-4D6F-9E57-6EBCB964F0DD}.Release|Any CPU.ActiveCfg = Release|Any CPU
		{5FD21C11-AE9C-4D6F-9E57-6EBCB964F0DD}.Release|Any CPU.Build.0 = Release|Any CPU
		{CC34BA13-AF88-4B55-BE95-5E7440CB9746}.Debug|Any CPU.ActiveCfg = Debug|Any CPU
		{CC34BA13-AF88-4B55-BE95-5E7440CB9746}.Debug|Any CPU.Build.0 = Debug|Any CPU
		{CC34BA13-AF88-4B55-BE95-5E7440CB9746}.Release|Any CPU.ActiveCfg = Release|Any CPU
		{CC34BA13-AF88-4B55-BE95-5E7440CB9746}.Release|Any CPU.Build.0 = Release|Any CPU
		{F106AFEE-0190-4A01-A875-C6206A468D15}.Debug|Any CPU.ActiveCfg = Debug|Any CPU
		{F106AFEE-0190-4A01-A875-C6206A468D15}.Debug|Any CPU.Build.0 = Debug|Any CPU
		{F106AFEE-0190-4A01-A875-C6206A468D15}.Release|Any CPU.ActiveCfg = Release|Any CPU
		{F106AFEE-0190-4A01-A875-C6206A468D15}.Release|Any CPU.Build.0 = Release|Any CPU
		{3670F9F8-E78A-446B-9005-90257A3186A8}.Debug|Any CPU.ActiveCfg = Debug|Any CPU
		{3670F9F8-E78A-446B-9005-90257A3186A8}.Debug|Any CPU.Build.0 = Debug|Any CPU
		{3670F9F8-E78A-446B-9005-90257A3186A8}.Release|Any CPU.ActiveCfg = Release|Any CPU
		{3670F9F8-E78A-446B-9005-90257A3186A8}.Release|Any CPU.Build.0 = Release|Any CPU
		{F56F2FA0-28D2-405E-AC4F-4ABDC44CB619}.Debug|Any CPU.ActiveCfg = Debug|Any CPU
		{F56F2FA0-28D2-405E-AC4F-4ABDC44CB619}.Debug|Any CPU.Build.0 = Debug|Any CPU
		{F56F2FA0-28D2-405E-AC4F-4ABDC44CB619}.Release|Any CPU.ActiveCfg = Release|Any CPU
		{F56F2FA0-28D2-405E-AC4F-4ABDC44CB619}.Release|Any CPU.Build.0 = Release|Any CPU
		{CBCDC7BA-ED45-4C03-86AB-E00731BCE58A}.Debug|Any CPU.ActiveCfg = Debug|Any CPU
		{CBCDC7BA-ED45-4C03-86AB-E00731BCE58A}.Debug|Any CPU.Build.0 = Debug|Any CPU
		{CBCDC7BA-ED45-4C03-86AB-E00731BCE58A}.Release|Any CPU.ActiveCfg = Release|Any CPU
		{CBCDC7BA-ED45-4C03-86AB-E00731BCE58A}.Release|Any CPU.Build.0 = Release|Any CPU
		{7A902DE8-4D6D-4173-9C56-2044D19E3DD9}.Debug|Any CPU.ActiveCfg = Debug|Any CPU
		{7A902DE8-4D6D-4173-9C56-2044D19E3DD9}.Debug|Any CPU.Build.0 = Debug|Any CPU
		{7A902DE8-4D6D-4173-9C56-2044D19E3DD9}.Release|Any CPU.ActiveCfg = Release|Any CPU
		{7A902DE8-4D6D-4173-9C56-2044D19E3DD9}.Release|Any CPU.Build.0 = Release|Any CPU
		{65825FB1-6ED7-4540-A8C3-ECD6A61D2658}.Debug|Any CPU.ActiveCfg = Debug|Any CPU
		{65825FB1-6ED7-4540-A8C3-ECD6A61D2658}.Debug|Any CPU.Build.0 = Debug|Any CPU
		{65825FB1-6ED7-4540-A8C3-ECD6A61D2658}.Release|Any CPU.ActiveCfg = Release|Any CPU
		{65825FB1-6ED7-4540-A8C3-ECD6A61D2658}.Release|Any CPU.Build.0 = Release|Any CPU
		{2B58F3C4-C35A-4459-9577-45C376F83ACA}.Debug|Any CPU.ActiveCfg = Debug|Any CPU
		{2B58F3C4-C35A-4459-9577-45C376F83ACA}.Debug|Any CPU.Build.0 = Debug|Any CPU
		{2B58F3C4-C35A-4459-9577-45C376F83ACA}.Release|Any CPU.ActiveCfg = Release|Any CPU
		{2B58F3C4-C35A-4459-9577-45C376F83ACA}.Release|Any CPU.Build.0 = Release|Any CPU
		{FBFB8FAC-FB74-4FD4-8654-1B2476452807}.Debug|Any CPU.ActiveCfg = Debug|Any CPU
		{FBFB8FAC-FB74-4FD4-8654-1B2476452807}.Debug|Any CPU.Build.0 = Debug|Any CPU
		{FBFB8FAC-FB74-4FD4-8654-1B2476452807}.Release|Any CPU.ActiveCfg = Release|Any CPU
		{FBFB8FAC-FB74-4FD4-8654-1B2476452807}.Release|Any CPU.Build.0 = Release|Any CPU
		{FF07925B-5041-4427-B860-32A1E2B5B5E9}.Debug|Any CPU.ActiveCfg = Debug|Any CPU
		{FF07925B-5041-4427-B860-32A1E2B5B5E9}.Debug|Any CPU.Build.0 = Debug|Any CPU
		{FF07925B-5041-4427-B860-32A1E2B5B5E9}.Release|Any CPU.ActiveCfg = Release|Any CPU
		{FF07925B-5041-4427-B860-32A1E2B5B5E9}.Release|Any CPU.Build.0 = Release|Any CPU
		{8FF1FE97-2DE5-4079-866B-FAA50902A12E}.Debug|Any CPU.ActiveCfg = Debug|Any CPU
		{8FF1FE97-2DE5-4079-866B-FAA50902A12E}.Debug|Any CPU.Build.0 = Debug|Any CPU
		{8FF1FE97-2DE5-4079-866B-FAA50902A12E}.Release|Any CPU.ActiveCfg = Release|Any CPU
		{8FF1FE97-2DE5-4079-866B-FAA50902A12E}.Release|Any CPU.Build.0 = Release|Any CPU
		{4430252C-3C1F-4C82-B631-7B61063AD287}.Debug|Any CPU.ActiveCfg = Debug|Any CPU
		{4430252C-3C1F-4C82-B631-7B61063AD287}.Debug|Any CPU.Build.0 = Debug|Any CPU
		{4430252C-3C1F-4C82-B631-7B61063AD287}.Release|Any CPU.ActiveCfg = Release|Any CPU
		{4430252C-3C1F-4C82-B631-7B61063AD287}.Release|Any CPU.Build.0 = Release|Any CPU
		{ED25513A-AC18-4F0F-A1FF-20B2C709DC6E}.Debug|Any CPU.ActiveCfg = Debug|Any CPU
		{ED25513A-AC18-4F0F-A1FF-20B2C709DC6E}.Debug|Any CPU.Build.0 = Debug|Any CPU
		{ED25513A-AC18-4F0F-A1FF-20B2C709DC6E}.Release|Any CPU.ActiveCfg = Release|Any CPU
		{ED25513A-AC18-4F0F-A1FF-20B2C709DC6E}.Release|Any CPU.Build.0 = Release|Any CPU
		{14E9649E-984D-4F7A-BB5A-DE10F7FE6DED}.Debug|Any CPU.ActiveCfg = Debug|Any CPU
		{14E9649E-984D-4F7A-BB5A-DE10F7FE6DED}.Debug|Any CPU.Build.0 = Debug|Any CPU
		{14E9649E-984D-4F7A-BB5A-DE10F7FE6DED}.Release|Any CPU.ActiveCfg = Release|Any CPU
		{14E9649E-984D-4F7A-BB5A-DE10F7FE6DED}.Release|Any CPU.Build.0 = Release|Any CPU
		{0C4E9796-3CDF-4F75-8470-718BC8115F34}.Debug|Any CPU.ActiveCfg = Debug|Any CPU
		{0C4E9796-3CDF-4F75-8470-718BC8115F34}.Debug|Any CPU.Build.0 = Debug|Any CPU
		{0C4E9796-3CDF-4F75-8470-718BC8115F34}.Release|Any CPU.ActiveCfg = Release|Any CPU
		{0C4E9796-3CDF-4F75-8470-718BC8115F34}.Release|Any CPU.Build.0 = Release|Any CPU
	EndGlobalSection
	GlobalSection(SolutionProperties) = preSolution
		HideSolutionNode = FALSE
	EndGlobalSection
	GlobalSection(NestedProjects) = preSolution
		{5FD21C11-AE9C-4D6F-9E57-6EBCB964F0DD} = {D0E3D45C-8AF4-43EB-AD57-1FC73E1FEF99}
		{CC34BA13-AF88-4B55-BE95-5E7440CB9746} = {CC7B27EB-68C2-4A82-B661-655B7979A308}
		{F106AFEE-0190-4A01-A875-C6206A468D15} = {CC7B27EB-68C2-4A82-B661-655B7979A308}
		{3670F9F8-E78A-446B-9005-90257A3186A8} = {CC7B27EB-68C2-4A82-B661-655B7979A308}
		{F56F2FA0-28D2-405E-AC4F-4ABDC44CB619} = {CC7B27EB-68C2-4A82-B661-655B7979A308}
		{CBCDC7BA-ED45-4C03-86AB-E00731BCE58A} = {08499D7A-3BCC-4E61-A7D9-05C608B3DE59}
		{7A902DE8-4D6D-4173-9C56-2044D19E3DD9} = {08499D7A-3BCC-4E61-A7D9-05C608B3DE59}
		{65825FB1-6ED7-4540-A8C3-ECD6A61D2658} = {08499D7A-3BCC-4E61-A7D9-05C608B3DE59}
		{2B58F3C4-C35A-4459-9577-45C376F83ACA} = {08499D7A-3BCC-4E61-A7D9-05C608B3DE59}
		{FBFB8FAC-FB74-4FD4-8654-1B2476452807} = {08499D7A-3BCC-4E61-A7D9-05C608B3DE59}
		{FF07925B-5041-4427-B860-32A1E2B5B5E9} = {08499D7A-3BCC-4E61-A7D9-05C608B3DE59}
		{8FF1FE97-2DE5-4079-866B-FAA50902A12E} = {08499D7A-3BCC-4E61-A7D9-05C608B3DE59}
		{4430252C-3C1F-4C82-B631-7B61063AD287} = {08499D7A-3BCC-4E61-A7D9-05C608B3DE59}
		{ED25513A-AC18-4F0F-A1FF-20B2C709DC6E} = {1641B33F-9238-4E20-99FD-4E1FF86F55AF}
		{14E9649E-984D-4F7A-BB5A-DE10F7FE6DED} = {1641B33F-9238-4E20-99FD-4E1FF86F55AF}
		{0C4E9796-3CDF-4F75-8470-718BC8115F34} = {1641B33F-9238-4E20-99FD-4E1FF86F55AF}
	EndGlobalSection
	GlobalSection(ExtensibilityGlobals) = postSolution
		SolutionGuid = {741FDE33-336B-4F1B-B493-E88430E95A77}
	EndGlobalSection
EndGlobal
