
Microsoft Visual Studio Solution File, Format Version 12.00
# Visual Studio Version 17
VisualStudioVersion = 17.4.33403.182
MinimumVisualStudioVersion = 10.0.40219.1
Project("{9A19103F-16F7-4668-BE54-9A1E7A4F7556}") = "DegiskenTanimlama", "DegiskenTanimlama\DegiskenTanimlama.csproj", "{5FD21C11-AE9C-4D6F-9E57-6EBCB964F0DD}"
EndProject
Project("{2150E333-8FDC-42A3-9474-1A3956D46DE8}") = "01.Gün", "01.Gün", "{D0E3D45C-8AF4-43EB-AD57-1FC73E1FEF99}"
EndProject
Project("{2150E333-8FDC-42A3-9474-1A3956D46DE8}") = "02.Gün", "02.Gün", "{CC7B27EB-68C2-4A82-B661-655B7979A308}"
EndProject
Project("{9A19103F-16F7-4668-BE54-9A1E7A4F7556}") = "HataYonetimi", "HataYonetimi\HataYonetimi.csproj", "{CC34BA13-AF88-4B55-BE95-5E7440CB9746}"
EndProject
Project("{9A19103F-16F7-4668-BE54-9A1E7A4F7556}") = "KararYapilariveDonguler", "KararYapilariveDonguler\KararYapilariveDonguler.csproj", "{F106AFEE-0190-4A01-A875-C6206A468D15}"
EndProject
Project("{9A19103F-16F7-4668-BE54-9A1E7A4F7556}") = "RandevuSaatleri", "RandevuSaatleri\RandevuSaatleri.csproj", "{3670F9F8-E78A-446B-9005-90257A3186A8}"
EndProject
Project("{9A19103F-16F7-4668-BE54-9A1E7A4F7556}") = "DizilerVeKoleksiyonlar", "DizilerVeKoleksiyonlar\DizilerVeKoleksiyonlar.csproj", "{F56F2FA0-28D2-405E-AC4F-4ABDC44CB619}"
EndProject
Project("{9A19103F-16F7-4668-BE54-9A1E7A4F7556}") = "Odev1", "Odev1\Odev1.csproj", "{CBCDC7BA-ED45-4C03-86AB-E00731BCE58A}"
EndProject
Project("{9A19103F-16F7-4668-BE54-9A1E7A4F7556}") = "Odev3", "Odev3\Odev3.csproj", "{7A902DE8-4D6D-4173-9C56-2044D19E3DD9}"
EndProject
Project("{9A19103F-16F7-4668-BE54-9A1E7A4F7556}") = "Odev2", "Odev2\Odev2.csproj", "{65825FB1-6ED7-4540-A8C3-ECD6A61D2658}"
EndProject
Project("{2150E333-8FDC-42A3-9474-1A3956D46DE8}") = "03.Gün", "03.Gün", "{08499D7A-3BCC-4E61-A7D9-05C608B3DE59}"
EndProject
Project("{9A19103F-16F7-4668-BE54-9A1E7A4F7556}") = "Odevler", "Odevler\Odevler.csproj", "{2B58F3C4-C35A-4459-9577-45C376F83ACA}"
EndProject
Project("{9A19103F-16F7-4668-BE54-9A1E7A4F7556}") = "CokBoyutluDiziler", "CokBoyutluDiziler\CokBoyutluDiziler.csproj", "{FBFB8FAC-FB74-4FD4-8654-1B2476452807}"
EndProject
Project("{9A19103F-16F7-4668-BE54-9A1E7A4F7556}") = "MethodKullanimi", "MethodKullanimi\MethodKullanimi.csproj", "{FF07925B-5041-4427-B860-32A1E2B5B5E9}"
EndProject
Project("{9A19103F-16F7-4668-BE54-9A1E7A4F7556}") = "AdamAsmaca", "AdamAsmaca\AdamAsmaca.csproj", "{8FF1FE97-2DE5-4079-866B-FAA50902A12E}"
EndProject
Project("{9A19103F-16F7-4668-BE54-9A1E7A4F7556}") = "AdamAsmacaOyunu", "AdamAsmacaOyunu\AdamAsmacaOyunu.csproj", "{4430252C-3C1F-4C82-B631-7B61063AD287}"
EndProject
Project("{2150E333-8FDC-42A3-9474-1A3956D46DE8}") = "04.Gün", "04.Gün", "{1641B33F-9238-4E20-99FD-4E1FF86F55AF}"
EndProject
Project("{9A19103F-16F7-4668-BE54-9A1E7A4F7556}") = "CinAliCizimi", "CinAliCizimi\CinAliCizimi.csproj", "{ED25513A-AC18-4F0F-A1FF-20B2C709DC6E}"
EndProject
Project("{9A19103F-16F7-4668-BE54-9A1E7A4F7556}") = "AdamAsmaca2", "AdamAsmaca2\AdamAsmaca2.csproj", "{14E9649E-984D-4F7A-BB5A-DE10F7FE6DED}"
EndProject
Project("{9A19103F-16F7-4668-BE54-9A1E7A4F7556}") = "OopGiris", "OopGiris\OopGiris.csproj", "{0C4E9796-3CDF-4F75-8470-718BC8115F34}"
EndProject
Project("{2150E333-8FDC-42A3-9474-1A3956D46DE8}") = "05.Gün", "05.Gün", "{9ECEFF53-E210-4200-BC71-02A6AA0FB348}"
EndProject
Project("{9A19103F-16F7-4668-BE54-9A1E7A4F7556}") = "WfaGiris", "WfaGiris\WfaGiris.csproj", "{C040B36F-E3DE-498F-AA66-C56F0F6343B7}"
EndProject
Project("{9A19103F-16F7-4668-BE54-9A1E7A4F7556}") = "ZarTahminForm", "ZarTahminForm\ZarTahminForm.csproj", "{88A9B597-D8A3-4805-9422-983561EC6012}"
EndProject
Project("{9A19103F-16F7-4668-BE54-9A1E7A4F7556}") = "SayininOkunusuForm", "SayininOkunusuForm\SayininOkunusuForm.csproj", "{BD83D7DA-C593-46FF-B601-AEAD3DDF9DF8}"
EndProject
Project("{2150E333-8FDC-42A3-9474-1A3956D46DE8}") = "06.Gün", "06.Gün", "{A0E4AF31-E37C-401B-A6F4-A074B377FF0F}"
EndProject
Project("{9A19103F-16F7-4668-BE54-9A1E7A4F7556}") = "SayiOkuyucuFormApp", "SayiOkuyucuFormApp\SayiOkuyucuFormApp.csproj", "{2E045369-5173-4F6C-BC81-437CEEB8E06B}"
EndProject
Project("{9A19103F-16F7-4668-BE54-9A1E7A4F7556}") = "ZarTahminWindowsForm", "ZarTahminWindowsForm\ZarTahminWindowsForm.csproj", "{19571038-D8A7-4D4F-A3AB-5C63C3287056}"
EndProject
Project("{9A19103F-16F7-4668-BE54-9A1E7A4F7556}") = "HesapMakinesiWindowsForm", "HesapMakinesiWindowsForm\HesapMakinesiWindowsForm.csproj", "{28894599-2AFD-4C38-9C6F-9FB26ACB716F}"
EndProject
Project("{9A19103F-16F7-4668-BE54-9A1E7A4F7556}") = "Kronometre", "Kronometre\Kronometre.csproj", "{A65C907C-916D-4EF6-8754-6E171504832D}"
EndProject
Project("{2150E333-8FDC-42A3-9474-1A3956D46DE8}") = "07.Gün", "07.Gün", "{9D29F221-7BED-4021-AFE0-7D5C67CD04C9}"
EndProject
Project("{9A19103F-16F7-4668-BE54-9A1E7A4F7556}") = "KronometreForm", "KronometreForm\KronometreForm.csproj", "{D162E470-198E-4547-9081-ACFD07DE5689}"
EndProject
Project("{2150E333-8FDC-42A3-9474-1A3956D46DE8}") = "08.Gün", "08.Gün", "{D359B128-62C3-487C-A047-518F8B49F17A}"
EndProject
Project("{9A19103F-16F7-4668-BE54-9A1E7A4F7556}") = "RandevuSistemiForm", "RandevuSistemiForm\RandevuSistemiForm.csproj", "{A8AA4B40-C2DB-4011-9D56-C12B206A36AC}"
EndProject
Project("{2150E333-8FDC-42A3-9474-1A3956D46DE8}") = "09.Gün", "09.Gün", "{34F4997F-8CBC-4E40-B9E9-81E347E89DA6}"
EndProject
Project("{9A19103F-16F7-4668-BE54-9A1E7A4F7556}") = "Kalitim", "Kalitim\Kalitim.csproj", "{1A2F7F71-CF81-49F3-AF09-5F45191A0A80}"
EndProject
Project("{9A19103F-16F7-4668-BE54-9A1E7A4F7556}") = "Kalitim.Lib", "Kalitim.Lib\Kalitim.Lib.csproj", "{10AB80FE-CF05-419E-9E72-9C8BB4F33EF7}"
EndProject
Project("{9A19103F-16F7-4668-BE54-9A1E7A4F7556}") = "Kalitim.Console", "Kalitim.Console\Kalitim.Console.csproj", "{AD4ABAB3-5A07-4A4B-9E22-62F8BE75A13E}"
EndProject
Project("{2150E333-8FDC-42A3-9474-1A3956D46DE8}") = "10.Gün", "10.Gün", "{888ED1A9-4FF8-4AA5-8CFB-C0E0A3A54364}"
EndProject
Project("{9A19103F-16F7-4668-BE54-9A1E7A4F7556}") = "Kitapci", "Kitapci\Kitapci.csproj", "{28E12BD2-3FE4-4F28-B044-4C919A8CF76B}"
EndProject
Project("{9A19103F-16F7-4668-BE54-9A1E7A4F7556}") = "Kitapci.Lib", "Kitapci.Lib\Kitapci.Lib.csproj", "{3BB26E49-B8DC-4E8A-B528-12B08AC6D5B7}"
EndProject
Project("{FAE04EC0-301F-11D3-BF4B-00C04F79EFBC}") = "KitapciCozum", "KitapciCozum\KitapciCozum.csproj", "{84783CC7-4E67-4745-8039-FBA3888D0F94}"
EndProject
Project("{FAE04EC0-301F-11D3-BF4B-00C04F79EFBC}") = "KitapciCozum.Lib", "KitapciCozum.Lib\KitapciCozum.Lib.csproj", "{ED197209-846C-4010-AB89-2458B03DD9C9}"
EndProject
Global
	GlobalSection(SolutionConfigurationPlatforms) = preSolution
		Debug|Any CPU = Debug|Any CPU
		Release|Any CPU = Release|Any CPU
	EndGlobalSection
	GlobalSection(ProjectConfigurationPlatforms) = postSolution
		{5FD21C11-AE9C-4D6F-9E57-6EBCB964F0DD}.Debug|Any CPU.ActiveCfg = Debug|Any CPU
		{5FD21C11-AE9C-4D6F-9E57-6EBCB964F0DD}.Debug|Any CPU.Build.0 = Debug|Any CPU
		{5FD21C11-AE9C-4D6F-9E57-6EBCB964F0DD}.Release|Any CPU.ActiveCfg = Release|Any CPU
		{5FD21C11-AE9C-4D6F-9E57-6EBCB964F0DD}.Release|Any CPU.Build.0 = Release|Any CPU
		{CC34BA13-AF88-4B55-BE95-5E7440CB9746}.Debug|Any CPU.ActiveCfg = Debug|Any CPU
		{CC34BA13-AF88-4B55-BE95-5E7440CB9746}.Debug|Any CPU.Build.0 = Debug|Any CPU
		{CC34BA13-AF88-4B55-BE95-5E7440CB9746}.Release|Any CPU.ActiveCfg = Release|Any CPU
		{CC34BA13-AF88-4B55-BE95-5E7440CB9746}.Release|Any CPU.Build.0 = Release|Any CPU
		{F106AFEE-0190-4A01-A875-C6206A468D15}.Debug|Any CPU.ActiveCfg = Debug|Any CPU
		{F106AFEE-0190-4A01-A875-C6206A468D15}.Debug|Any CPU.Build.0 = Debug|Any CPU
		{F106AFEE-0190-4A01-A875-C6206A468D15}.Release|Any CPU.ActiveCfg = Release|Any CPU
		{F106AFEE-0190-4A01-A875-C6206A468D15}.Release|Any CPU.Build.0 = Release|Any CPU
		{3670F9F8-E78A-446B-9005-90257A3186A8}.Debug|Any CPU.ActiveCfg = Debug|Any CPU
		{3670F9F8-E78A-446B-9005-90257A3186A8}.Debug|Any CPU.Build.0 = Debug|Any CPU
		{3670F9F8-E78A-446B-9005-90257A3186A8}.Release|Any CPU.ActiveCfg = Release|Any CPU
		{3670F9F8-E78A-446B-9005-90257A3186A8}.Release|Any CPU.Build.0 = Release|Any CPU
		{F56F2FA0-28D2-405E-AC4F-4ABDC44CB619}.Debug|Any CPU.ActiveCfg = Debug|Any CPU
		{F56F2FA0-28D2-405E-AC4F-4ABDC44CB619}.Debug|Any CPU.Build.0 = Debug|Any CPU
		{F56F2FA0-28D2-405E-AC4F-4ABDC44CB619}.Release|Any CPU.ActiveCfg = Release|Any CPU
		{F56F2FA0-28D2-405E-AC4F-4ABDC44CB619}.Release|Any CPU.Build.0 = Release|Any CPU
		{CBCDC7BA-ED45-4C03-86AB-E00731BCE58A}.Debug|Any CPU.ActiveCfg = Debug|Any CPU
		{CBCDC7BA-ED45-4C03-86AB-E00731BCE58A}.Debug|Any CPU.Build.0 = Debug|Any CPU
		{CBCDC7BA-ED45-4C03-86AB-E00731BCE58A}.Release|Any CPU.ActiveCfg = Release|Any CPU
		{CBCDC7BA-ED45-4C03-86AB-E00731BCE58A}.Release|Any CPU.Build.0 = Release|Any CPU
		{7A902DE8-4D6D-4173-9C56-2044D19E3DD9}.Debug|Any CPU.ActiveCfg = Debug|Any CPU
		{7A902DE8-4D6D-4173-9C56-2044D19E3DD9}.Debug|Any CPU.Build.0 = Debug|Any CPU
		{7A902DE8-4D6D-4173-9C56-2044D19E3DD9}.Release|Any CPU.ActiveCfg = Release|Any CPU
		{7A902DE8-4D6D-4173-9C56-2044D19E3DD9}.Release|Any CPU.Build.0 = Release|Any CPU
		{65825FB1-6ED7-4540-A8C3-ECD6A61D2658}.Debug|Any CPU.ActiveCfg = Debug|Any CPU
		{65825FB1-6ED7-4540-A8C3-ECD6A61D2658}.Debug|Any CPU.Build.0 = Debug|Any CPU
		{65825FB1-6ED7-4540-A8C3-ECD6A61D2658}.Release|Any CPU.ActiveCfg = Release|Any CPU
		{65825FB1-6ED7-4540-A8C3-ECD6A61D2658}.Release|Any CPU.Build.0 = Release|Any CPU
		{2B58F3C4-C35A-4459-9577-45C376F83ACA}.Debug|Any CPU.ActiveCfg = Debug|Any CPU
		{2B58F3C4-C35A-4459-9577-45C376F83ACA}.Debug|Any CPU.Build.0 = Debug|Any CPU
		{2B58F3C4-C35A-4459-9577-45C376F83ACA}.Release|Any CPU.ActiveCfg = Release|Any CPU
		{2B58F3C4-C35A-4459-9577-45C376F83ACA}.Release|Any CPU.Build.0 = Release|Any CPU
		{FBFB8FAC-FB74-4FD4-8654-1B2476452807}.Debug|Any CPU.ActiveCfg = Debug|Any CPU
		{FBFB8FAC-FB74-4FD4-8654-1B2476452807}.Debug|Any CPU.Build.0 = Debug|Any CPU
		{FBFB8FAC-FB74-4FD4-8654-1B2476452807}.Release|Any CPU.ActiveCfg = Release|Any CPU
		{FBFB8FAC-FB74-4FD4-8654-1B2476452807}.Release|Any CPU.Build.0 = Release|Any CPU
		{FF07925B-5041-4427-B860-32A1E2B5B5E9}.Debug|Any CPU.ActiveCfg = Debug|Any CPU
		{FF07925B-5041-4427-B860-32A1E2B5B5E9}.Debug|Any CPU.Build.0 = Debug|Any CPU
		{FF07925B-5041-4427-B860-32A1E2B5B5E9}.Release|Any CPU.ActiveCfg = Release|Any CPU
		{FF07925B-5041-4427-B860-32A1E2B5B5E9}.Release|Any CPU.Build.0 = Release|Any CPU
		{8FF1FE97-2DE5-4079-866B-FAA50902A12E}.Debug|Any CPU.ActiveCfg = Debug|Any CPU
		{8FF1FE97-2DE5-4079-866B-FAA50902A12E}.Debug|Any CPU.Build.0 = Debug|Any CPU
		{8FF1FE97-2DE5-4079-866B-FAA50902A12E}.Release|Any CPU.ActiveCfg = Release|Any CPU
		{8FF1FE97-2DE5-4079-866B-FAA50902A12E}.Release|Any CPU.Build.0 = Release|Any CPU
		{4430252C-3C1F-4C82-B631-7B61063AD287}.Debug|Any CPU.ActiveCfg = Debug|Any CPU
		{4430252C-3C1F-4C82-B631-7B61063AD287}.Debug|Any CPU.Build.0 = Debug|Any CPU
		{4430252C-3C1F-4C82-B631-7B61063AD287}.Release|Any CPU.ActiveCfg = Release|Any CPU
		{4430252C-3C1F-4C82-B631-7B61063AD287}.Release|Any CPU.Build.0 = Release|Any CPU
		{ED25513A-AC18-4F0F-A1FF-20B2C709DC6E}.Debug|Any CPU.ActiveCfg = Debug|Any CPU
		{ED25513A-AC18-4F0F-A1FF-20B2C709DC6E}.Debug|Any CPU.Build.0 = Debug|Any CPU
		{ED25513A-AC18-4F0F-A1FF-20B2C709DC6E}.Release|Any CPU.ActiveCfg = Release|Any CPU
		{ED25513A-AC18-4F0F-A1FF-20B2C709DC6E}.Release|Any CPU.Build.0 = Release|Any CPU
		{14E9649E-984D-4F7A-BB5A-DE10F7FE6DED}.Debug|Any CPU.ActiveCfg = Debug|Any CPU
		{14E9649E-984D-4F7A-BB5A-DE10F7FE6DED}.Debug|Any CPU.Build.0 = Debug|Any CPU
		{14E9649E-984D-4F7A-BB5A-DE10F7FE6DED}.Release|Any CPU.ActiveCfg = Release|Any CPU
		{14E9649E-984D-4F7A-BB5A-DE10F7FE6DED}.Release|Any CPU.Build.0 = Release|Any CPU
		{0C4E9796-3CDF-4F75-8470-718BC8115F34}.Debug|Any CPU.ActiveCfg = Debug|Any CPU
		{0C4E9796-3CDF-4F75-8470-718BC8115F34}.Debug|Any CPU.Build.0 = Debug|Any CPU
		{0C4E9796-3CDF-4F75-8470-718BC8115F34}.Release|Any CPU.ActiveCfg = Release|Any CPU
		{0C4E9796-3CDF-4F75-8470-718BC8115F34}.Release|Any CPU.Build.0 = Release|Any CPU
		{C040B36F-E3DE-498F-AA66-C56F0F6343B7}.Debug|Any CPU.ActiveCfg = Debug|Any CPU
		{C040B36F-E3DE-498F-AA66-C56F0F6343B7}.Debug|Any CPU.Build.0 = Debug|Any CPU
		{C040B36F-E3DE-498F-AA66-C56F0F6343B7}.Release|Any CPU.ActiveCfg = Release|Any CPU
		{C040B36F-E3DE-498F-AA66-C56F0F6343B7}.Release|Any CPU.Build.0 = Release|Any CPU
		{88A9B597-D8A3-4805-9422-983561EC6012}.Debug|Any CPU.ActiveCfg = Debug|Any CPU
		{88A9B597-D8A3-4805-9422-983561EC6012}.Debug|Any CPU.Build.0 = Debug|Any CPU
		{88A9B597-D8A3-4805-9422-983561EC6012}.Release|Any CPU.ActiveCfg = Release|Any CPU
		{88A9B597-D8A3-4805-9422-983561EC6012}.Release|Any CPU.Build.0 = Release|Any CPU
		{BD83D7DA-C593-46FF-B601-AEAD3DDF9DF8}.Debug|Any CPU.ActiveCfg = Debug|Any CPU
		{BD83D7DA-C593-46FF-B601-AEAD3DDF9DF8}.Debug|Any CPU.Build.0 = Debug|Any CPU
		{BD83D7DA-C593-46FF-B601-AEAD3DDF9DF8}.Release|Any CPU.ActiveCfg = Release|Any CPU
		{BD83D7DA-C593-46FF-B601-AEAD3DDF9DF8}.Release|Any CPU.Build.0 = Release|Any CPU
		{2E045369-5173-4F6C-BC81-437CEEB8E06B}.Debug|Any CPU.ActiveCfg = Debug|Any CPU
		{2E045369-5173-4F6C-BC81-437CEEB8E06B}.Debug|Any CPU.Build.0 = Debug|Any CPU
		{2E045369-5173-4F6C-BC81-437CEEB8E06B}.Release|Any CPU.ActiveCfg = Release|Any CPU
		{2E045369-5173-4F6C-BC81-437CEEB8E06B}.Release|Any CPU.Build.0 = Release|Any CPU
		{19571038-D8A7-4D4F-A3AB-5C63C3287056}.Debug|Any CPU.ActiveCfg = Debug|Any CPU
		{19571038-D8A7-4D4F-A3AB-5C63C3287056}.Debug|Any CPU.Build.0 = Debug|Any CPU
		{19571038-D8A7-4D4F-A3AB-5C63C3287056}.Release|Any CPU.ActiveCfg = Release|Any CPU
		{19571038-D8A7-4D4F-A3AB-5C63C3287056}.Release|Any CPU.Build.0 = Release|Any CPU
		{28894599-2AFD-4C38-9C6F-9FB26ACB716F}.Debug|Any CPU.ActiveCfg = Debug|Any CPU
		{28894599-2AFD-4C38-9C6F-9FB26ACB716F}.Debug|Any CPU.Build.0 = Debug|Any CPU
		{28894599-2AFD-4C38-9C6F-9FB26ACB716F}.Release|Any CPU.ActiveCfg = Release|Any CPU
		{28894599-2AFD-4C38-9C6F-9FB26ACB716F}.Release|Any CPU.Build.0 = Release|Any CPU
		{A65C907C-916D-4EF6-8754-6E171504832D}.Debug|Any CPU.ActiveCfg = Debug|Any CPU
		{A65C907C-916D-4EF6-8754-6E171504832D}.Debug|Any CPU.Build.0 = Debug|Any CPU
		{A65C907C-916D-4EF6-8754-6E171504832D}.Release|Any CPU.ActiveCfg = Release|Any CPU
		{A65C907C-916D-4EF6-8754-6E171504832D}.Release|Any CPU.Build.0 = Release|Any CPU
		{D162E470-198E-4547-9081-ACFD07DE5689}.Debug|Any CPU.ActiveCfg = Debug|Any CPU
		{D162E470-198E-4547-9081-ACFD07DE5689}.Debug|Any CPU.Build.0 = Debug|Any CPU
		{D162E470-198E-4547-9081-ACFD07DE5689}.Release|Any CPU.ActiveCfg = Release|Any CPU
		{D162E470-198E-4547-9081-ACFD07DE5689}.Release|Any CPU.Build.0 = Release|Any CPU
		{A8AA4B40-C2DB-4011-9D56-C12B206A36AC}.Debug|Any CPU.ActiveCfg = Debug|Any CPU
		{A8AA4B40-C2DB-4011-9D56-C12B206A36AC}.Debug|Any CPU.Build.0 = Debug|Any CPU
		{A8AA4B40-C2DB-4011-9D56-C12B206A36AC}.Release|Any CPU.ActiveCfg = Release|Any CPU
		{A8AA4B40-C2DB-4011-9D56-C12B206A36AC}.Release|Any CPU.Build.0 = Release|Any CPU
		{1A2F7F71-CF81-49F3-AF09-5F45191A0A80}.Debug|Any CPU.ActiveCfg = Debug|Any CPU
		{1A2F7F71-CF81-49F3-AF09-5F45191A0A80}.Debug|Any CPU.Build.0 = Debug|Any CPU
		{1A2F7F71-CF81-49F3-AF09-5F45191A0A80}.Release|Any CPU.ActiveCfg = Release|Any CPU
		{1A2F7F71-CF81-49F3-AF09-5F45191A0A80}.Release|Any CPU.Build.0 = Release|Any CPU
		{10AB80FE-CF05-419E-9E72-9C8BB4F33EF7}.Debug|Any CPU.ActiveCfg = Debug|Any CPU
		{10AB80FE-CF05-419E-9E72-9C8BB4F33EF7}.Debug|Any CPU.Build.0 = Debug|Any CPU
		{10AB80FE-CF05-419E-9E72-9C8BB4F33EF7}.Release|Any CPU.ActiveCfg = Release|Any CPU
		{10AB80FE-CF05-419E-9E72-9C8BB4F33EF7}.Release|Any CPU.Build.0 = Release|Any CPU
		{AD4ABAB3-5A07-4A4B-9E22-62F8BE75A13E}.Debug|Any CPU.ActiveCfg = Debug|Any CPU
		{AD4ABAB3-5A07-4A4B-9E22-62F8BE75A13E}.Debug|Any CPU.Build.0 = Debug|Any CPU
		{AD4ABAB3-5A07-4A4B-9E22-62F8BE75A13E}.Release|Any CPU.ActiveCfg = Release|Any CPU
		{AD4ABAB3-5A07-4A4B-9E22-62F8BE75A13E}.Release|Any CPU.Build.0 = Release|Any CPU
		{28E12BD2-3FE4-4F28-B044-4C919A8CF76B}.Debug|Any CPU.ActiveCfg = Debug|Any CPU
		{28E12BD2-3FE4-4F28-B044-4C919A8CF76B}.Debug|Any CPU.Build.0 = Debug|Any CPU
		{28E12BD2-3FE4-4F28-B044-4C919A8CF76B}.Release|Any CPU.ActiveCfg = Release|Any CPU
		{28E12BD2-3FE4-4F28-B044-4C919A8CF76B}.Release|Any CPU.Build.0 = Release|Any CPU
		{3BB26E49-B8DC-4E8A-B528-12B08AC6D5B7}.Debug|Any CPU.ActiveCfg = Debug|Any CPU
		{3BB26E49-B8DC-4E8A-B528-12B08AC6D5B7}.Debug|Any CPU.Build.0 = Debug|Any CPU
		{3BB26E49-B8DC-4E8A-B528-12B08AC6D5B7}.Release|Any CPU.ActiveCfg = Release|Any CPU
		{3BB26E49-B8DC-4E8A-B528-12B08AC6D5B7}.Release|Any CPU.Build.0 = Release|Any CPU
		{84783CC7-4E67-4745-8039-FBA3888D0F94}.Debug|Any CPU.ActiveCfg = Debug|Any CPU
		{84783CC7-4E67-4745-8039-FBA3888D0F94}.Debug|Any CPU.Build.0 = Debug|Any CPU
		{84783CC7-4E67-4745-8039-FBA3888D0F94}.Release|Any CPU.ActiveCfg = Release|Any CPU
		{84783CC7-4E67-4745-8039-FBA3888D0F94}.Release|Any CPU.Build.0 = Release|Any CPU
		{ED197209-846C-4010-AB89-2458B03DD9C9}.Debug|Any CPU.ActiveCfg = Debug|Any CPU
		{ED197209-846C-4010-AB89-2458B03DD9C9}.Debug|Any CPU.Build.0 = Debug|Any CPU
		{ED197209-846C-4010-AB89-2458B03DD9C9}.Release|Any CPU.ActiveCfg = Release|Any CPU
		{ED197209-846C-4010-AB89-2458B03DD9C9}.Release|Any CPU.Build.0 = Release|Any CPU
	EndGlobalSection
	GlobalSection(SolutionProperties) = preSolution
		HideSolutionNode = FALSE
	EndGlobalSection
	GlobalSection(NestedProjects) = preSolution
		{5FD21C11-AE9C-4D6F-9E57-6EBCB964F0DD} = {D0E3D45C-8AF4-43EB-AD57-1FC73E1FEF99}
		{CC34BA13-AF88-4B55-BE95-5E7440CB9746} = {CC7B27EB-68C2-4A82-B661-655B7979A308}
		{F106AFEE-0190-4A01-A875-C6206A468D15} = {CC7B27EB-68C2-4A82-B661-655B7979A308}
		{3670F9F8-E78A-446B-9005-90257A3186A8} = {CC7B27EB-68C2-4A82-B661-655B7979A308}
		{F56F2FA0-28D2-405E-AC4F-4ABDC44CB619} = {CC7B27EB-68C2-4A82-B661-655B7979A308}
		{CBCDC7BA-ED45-4C03-86AB-E00731BCE58A} = {08499D7A-3BCC-4E61-A7D9-05C608B3DE59}
		{7A902DE8-4D6D-4173-9C56-2044D19E3DD9} = {08499D7A-3BCC-4E61-A7D9-05C608B3DE59}
		{65825FB1-6ED7-4540-A8C3-ECD6A61D2658} = {08499D7A-3BCC-4E61-A7D9-05C608B3DE59}
		{2B58F3C4-C35A-4459-9577-45C376F83ACA} = {08499D7A-3BCC-4E61-A7D9-05C608B3DE59}
		{FBFB8FAC-FB74-4FD4-8654-1B2476452807} = {08499D7A-3BCC-4E61-A7D9-05C608B3DE59}
		{FF07925B-5041-4427-B860-32A1E2B5B5E9} = {08499D7A-3BCC-4E61-A7D9-05C608B3DE59}
		{8FF1FE97-2DE5-4079-866B-FAA50902A12E} = {08499D7A-3BCC-4E61-A7D9-05C608B3DE59}
		{4430252C-3C1F-4C82-B631-7B61063AD287} = {08499D7A-3BCC-4E61-A7D9-05C608B3DE59}
		{ED25513A-AC18-4F0F-A1FF-20B2C709DC6E} = {1641B33F-9238-4E20-99FD-4E1FF86F55AF}
		{14E9649E-984D-4F7A-BB5A-DE10F7FE6DED} = {1641B33F-9238-4E20-99FD-4E1FF86F55AF}
		{0C4E9796-3CDF-4F75-8470-718BC8115F34} = {1641B33F-9238-4E20-99FD-4E1FF86F55AF}
		{C040B36F-E3DE-498F-AA66-C56F0F6343B7} = {9ECEFF53-E210-4200-BC71-02A6AA0FB348}
		{88A9B597-D8A3-4805-9422-983561EC6012} = {9ECEFF53-E210-4200-BC71-02A6AA0FB348}
		{BD83D7DA-C593-46FF-B601-AEAD3DDF9DF8} = {9ECEFF53-E210-4200-BC71-02A6AA0FB348}
		{2E045369-5173-4F6C-BC81-437CEEB8E06B} = {A0E4AF31-E37C-401B-A6F4-A074B377FF0F}
		{19571038-D8A7-4D4F-A3AB-5C63C3287056} = {A0E4AF31-E37C-401B-A6F4-A074B377FF0F}
		{28894599-2AFD-4C38-9C6F-9FB26ACB716F} = {A0E4AF31-E37C-401B-A6F4-A074B377FF0F}
		{A65C907C-916D-4EF6-8754-6E171504832D} = {A0E4AF31-E37C-401B-A6F4-A074B377FF0F}
		{D162E470-198E-4547-9081-ACFD07DE5689} = {9D29F221-7BED-4021-AFE0-7D5C67CD04C9}
		{A8AA4B40-C2DB-4011-9D56-C12B206A36AC} = {D359B128-62C3-487C-A047-518F8B49F17A}
		{1A2F7F71-CF81-49F3-AF09-5F45191A0A80} = {34F4997F-8CBC-4E40-B9E9-81E347E89DA6}
		{10AB80FE-CF05-419E-9E72-9C8BB4F33EF7} = {34F4997F-8CBC-4E40-B9E9-81E347E89DA6}
		{AD4ABAB3-5A07-4A4B-9E22-62F8BE75A13E} = {34F4997F-8CBC-4E40-B9E9-81E347E89DA6}
		{28E12BD2-3FE4-4F28-B044-4C919A8CF76B} = {888ED1A9-4FF8-4AA5-8CFB-C0E0A3A54364}
		{3BB26E49-B8DC-4E8A-B528-12B08AC6D5B7} = {888ED1A9-4FF8-4AA5-8CFB-C0E0A3A54364}
		{84783CC7-4E67-4745-8039-FBA3888D0F94} = {888ED1A9-4FF8-4AA5-8CFB-C0E0A3A54364}
		{ED197209-846C-4010-AB89-2458B03DD9C9} = {888ED1A9-4FF8-4AA5-8CFB-C0E0A3A54364}
	EndGlobalSection
	GlobalSection(ExtensibilityGlobals) = postSolution
		SolutionGuid = {741FDE33-336B-4F1B-B493-E88430E95A77}
	EndGlobalSection
EndGlobal
